
Microsoft Visual Studio Solution File, Format Version 12.00
# Visual Studio Version 16
VisualStudioVersion = 16.0.29009.5
MinimumVisualStudioVersion = 10.0.40219.1
Project("{2150E333-8FDC-42A3-9474-1A3956D46DE8}") = "1 - Services", "1 - Services", "{0DDF1F51-B3FA-4E42-A327-CBDB551A5BD6}"
EndProject
Project("{2150E333-8FDC-42A3-9474-1A3956D46DE8}") = "2 - Application", "2 - Application", "{2D8B5009-32BF-40CF-B163-68DFAAF0790B}"
EndProject
Project("{2150E333-8FDC-42A3-9474-1A3956D46DE8}") = "3 - Domain", "3 - Domain", "{12FBC058-5157-4988-B585-AC8C209386C1}"
EndProject
Project("{2150E333-8FDC-42A3-9474-1A3956D46DE8}") = "4 - Infrastructure", "4 - Infrastructure", "{EBF3077C-7CBE-4EE0-B08C-2D828DBC3A39}"
EndProject
Project("{9A19103F-16F7-4668-BE54-9A1E7A4F7556}") = "MeiFacil.Payment.Services.Api", "src\MeiFacil.Payment.Services.Api\MeiFacil.Payment.Services.Api.csproj", "{52AF54ED-B46B-453A-8840-D845C447A0CA}"
EndProject
Project("{9A19103F-16F7-4668-BE54-9A1E7A4F7556}") = "MeiFacil.Payment.Domain.Core", "src\MeiFacil.Payment.Domain.Core\MeiFacil.Payment.Domain.Core.csproj", "{8351D8C4-F417-403E-8743-39BA51402AFF}"
EndProject
Project("{9A19103F-16F7-4668-BE54-9A1E7A4F7556}") = "MeiFacil.Payment.Domain", "src\MeiFacil.Payment.Domain\MeiFacil.Payment.Domain.csproj", "{2295305E-EC69-4217-850A-53B86355ABF0}"
EndProject
Project("{2150E333-8FDC-42A3-9474-1A3956D46DE8}") = "4.1 - Data", "4.1 - Data", "{7B349F3E-369F-439E-8BA6-361A6B9D6634}"
EndProject
Project("{9A19103F-16F7-4668-BE54-9A1E7A4F7556}") = "MeiFacil.Payment.Infrastructure.Data", "src\MeiFacil.Payment.Infrastructure.Data\MeiFacil.Payment.Infrastructure.Data.csproj", "{AF4B7DCE-CB54-44A3-87C7-C316987B468B}"
EndProject
Project("{2150E333-8FDC-42A3-9474-1A3956D46DE8}") = "4.2 - CrossCutting", "4.2 - CrossCutting", "{658A38E2-7B6C-4580-A979-2D87FFD643DE}"
EndProject
Project("{9A19103F-16F7-4668-BE54-9A1E7A4F7556}") = "MeiFacil.Payment.Infrastructure.CrossCutting.IoC", "src\MeiFacil.Payment.Infrastructure.CrossCutting.IoC\MeiFacil.Payment.Infrastructure.CrossCutting.IoC.csproj", "{F8740E59-2ADD-4330-A3BD-82CDE8E56EB5}"
EndProject
Project("{FAE04EC0-301F-11D3-BF4B-00C04F79EFBC}") = "MeiFacil.Payment.Application", "src\MeiFacil.Payment.Application\MeiFacil.Payment.Application.csproj", "{895B7360-EAA4-49D1-8AE1-23E566616724}"
EndProject
Global
	GlobalSection(SolutionConfigurationPlatforms) = preSolution
		Debug|Any CPU = Debug|Any CPU
		Release|Any CPU = Release|Any CPU
	EndGlobalSection
	GlobalSection(ProjectConfigurationPlatforms) = postSolution
		{52AF54ED-B46B-453A-8840-D845C447A0CA}.Debug|Any CPU.ActiveCfg = Debug|Any CPU
		{52AF54ED-B46B-453A-8840-D845C447A0CA}.Debug|Any CPU.Build.0 = Debug|Any CPU
		{52AF54ED-B46B-453A-8840-D845C447A0CA}.Release|Any CPU.ActiveCfg = Release|Any CPU
		{52AF54ED-B46B-453A-8840-D845C447A0CA}.Release|Any CPU.Build.0 = Release|Any CPU
		{8351D8C4-F417-403E-8743-39BA51402AFF}.Debug|Any CPU.ActiveCfg = Debug|Any CPU
		{8351D8C4-F417-403E-8743-39BA51402AFF}.Debug|Any CPU.Build.0 = Debug|Any CPU
		{8351D8C4-F417-403E-8743-39BA51402AFF}.Release|Any CPU.ActiveCfg = Release|Any CPU
		{8351D8C4-F417-403E-8743-39BA51402AFF}.Release|Any CPU.Build.0 = Release|Any CPU
		{2295305E-EC69-4217-850A-53B86355ABF0}.Debug|Any CPU.ActiveCfg = Debug|Any CPU
		{2295305E-EC69-4217-850A-53B86355ABF0}.Debug|Any CPU.Build.0 = Debug|Any CPU
		{2295305E-EC69-4217-850A-53B86355ABF0}.Release|Any CPU.ActiveCfg = Release|Any CPU
		{2295305E-EC69-4217-850A-53B86355ABF0}.Release|Any CPU.Build.0 = Release|Any CPU
		{AF4B7DCE-CB54-44A3-87C7-C316987B468B}.Debug|Any CPU.ActiveCfg = Debug|Any CPU
		{AF4B7DCE-CB54-44A3-87C7-C316987B468B}.Debug|Any CPU.Build.0 = Debug|Any CPU
		{AF4B7DCE-CB54-44A3-87C7-C316987B468B}.Release|Any CPU.ActiveCfg = Release|Any CPU
		{AF4B7DCE-CB54-44A3-87C7-C316987B468B}.Release|Any CPU.Build.0 = Release|Any CPU
		{F8740E59-2ADD-4330-A3BD-82CDE8E56EB5}.Debug|Any CPU.ActiveCfg = Debug|Any CPU
		{F8740E59-2ADD-4330-A3BD-82CDE8E56EB5}.Debug|Any CPU.Build.0 = Debug|Any CPU
		{F8740E59-2ADD-4330-A3BD-82CDE8E56EB5}.Release|Any CPU.ActiveCfg = Release|Any CPU
		{F8740E59-2ADD-4330-A3BD-82CDE8E56EB5}.Release|Any CPU.Build.0 = Release|Any CPU
		{895B7360-EAA4-49D1-8AE1-23E566616724}.Debug|Any CPU.ActiveCfg = Debug|Any CPU
		{895B7360-EAA4-49D1-8AE1-23E566616724}.Debug|Any CPU.Build.0 = Debug|Any CPU
		{895B7360-EAA4-49D1-8AE1-23E566616724}.Release|Any CPU.ActiveCfg = Release|Any CPU
		{895B7360-EAA4-49D1-8AE1-23E566616724}.Release|Any CPU.Build.0 = Release|Any CPU
	EndGlobalSection
	GlobalSection(SolutionProperties) = preSolution
		HideSolutionNode = FALSE
	EndGlobalSection
	GlobalSection(NestedProjects) = preSolution
		{52AF54ED-B46B-453A-8840-D845C447A0CA} = {0DDF1F51-B3FA-4E42-A327-CBDB551A5BD6}
		{8351D8C4-F417-403E-8743-39BA51402AFF} = {12FBC058-5157-4988-B585-AC8C209386C1}
		{2295305E-EC69-4217-850A-53B86355ABF0} = {12FBC058-5157-4988-B585-AC8C209386C1}
		{7B349F3E-369F-439E-8BA6-361A6B9D6634} = {EBF3077C-7CBE-4EE0-B08C-2D828DBC3A39}
		{AF4B7DCE-CB54-44A3-87C7-C316987B468B} = {7B349F3E-369F-439E-8BA6-361A6B9D6634}
		{658A38E2-7B6C-4580-A979-2D87FFD643DE} = {EBF3077C-7CBE-4EE0-B08C-2D828DBC3A39}
		{F8740E59-2ADD-4330-A3BD-82CDE8E56EB5} = {658A38E2-7B6C-4580-A979-2D87FFD643DE}
		{895B7360-EAA4-49D1-8AE1-23E566616724} = {2D8B5009-32BF-40CF-B163-68DFAAF0790B}
	EndGlobalSection
	GlobalSection(ExtensibilityGlobals) = postSolution
		SolutionGuid = {A16D06AD-66A6-40C7-AEBF-CA9DA3A101F8}
	EndGlobalSection
EndGlobal
